
Microsoft Visual Studio Solution File, Format Version 12.00
# Visual Studio Version 16
VisualStudioVersion = 16.0.32002.261
MinimumVisualStudioVersion = 10.0.40219.1
Project("{FAE04EC0-301F-11D3-BF4B-00C04F79EFBC}") = "HW1.UWP", "HW1\HW1.UWP\HW1.UWP.csproj", "{C1DF36C2-A2E2-41C7-BDCB-F3A686146EE5}"
EndProject
Project("{FAE04EC0-301F-11D3-BF4B-00C04F79EFBC}") = "HW1.Android", "HW1\HW1.Android\HW1.Android.csproj", "{F061BD0B-A1BD-4DE8-AD1E-2EC0ED8BC150}"
EndProject
Project("{FAE04EC0-301F-11D3-BF4B-00C04F79EFBC}") = "HW1.iOS", "HW1\HW1.iOS\HW1.iOS.csproj", "{C9EEC7B3-E267-4CF5-BBA9-9AB00F9C43D5}"
EndProject
Project("{FAE04EC0-301F-11D3-BF4B-00C04F79EFBC}") = "HW1", "HW1\HW1\HW1.csproj", "{0F0BE759-B342-4DDE-965C-B763A126C20E}"
EndProject
Global
	GlobalSection(SolutionConfigurationPlatforms) = preSolution
		Debug|Any CPU = Debug|Any CPU
		Debug|ARM = Debug|ARM
		Debug|iPhone = Debug|iPhone
		Debug|iPhoneSimulator = Debug|iPhoneSimulator
		Debug|x64 = Debug|x64
		Debug|x86 = Debug|x86
		Release|Any CPU = Release|Any CPU
		Release|ARM = Release|ARM
		Release|iPhone = Release|iPhone
		Release|iPhoneSimulator = Release|iPhoneSimulator
		Release|x64 = Release|x64
		Release|x86 = Release|x86
	EndGlobalSection
	GlobalSection(ProjectConfigurationPlatforms) = postSolution
		{C1DF36C2-A2E2-41C7-BDCB-F3A686146EE5}.Debug|Any CPU.ActiveCfg = Debug|x86
		{C1DF36C2-A2E2-41C7-BDCB-F3A686146EE5}.Debug|Any CPU.Build.0 = Debug|x86
		{C1DF36C2-A2E2-41C7-BDCB-F3A686146EE5}.Debug|Any CPU.Deploy.0 = Debug|x86
		{C1DF36C2-A2E2-41C7-BDCB-F3A686146EE5}.Debug|ARM.ActiveCfg = Debug|ARM
		{C1DF36C2-A2E2-41C7-BDCB-F3A686146EE5}.Debug|ARM.Build.0 = Debug|ARM
		{C1DF36C2-A2E2-41C7-BDCB-F3A686146EE5}.Debug|ARM.Deploy.0 = Debug|ARM
		{C1DF36C2-A2E2-41C7-BDCB-F3A686146EE5}.Debug|iPhone.ActiveCfg = Debug|x86
		{C1DF36C2-A2E2-41C7-BDCB-F3A686146EE5}.Debug|iPhone.Build.0 = Debug|x86
		{C1DF36C2-A2E2-41C7-BDCB-F3A686146EE5}.Debug|iPhone.Deploy.0 = Debug|x86
		{C1DF36C2-A2E2-41C7-BDCB-F3A686146EE5}.Debug|iPhoneSimulator.ActiveCfg = Debug|x86
		{C1DF36C2-A2E2-41C7-BDCB-F3A686146EE5}.Debug|iPhoneSimulator.Build.0 = Debug|x86
		{C1DF36C2-A2E2-41C7-BDCB-F3A686146EE5}.Debug|iPhoneSimulator.Deploy.0 = Debug|x86
		{C1DF36C2-A2E2-41C7-BDCB-F3A686146EE5}.Debug|x64.ActiveCfg = Debug|x64
		{C1DF36C2-A2E2-41C7-BDCB-F3A686146EE5}.Debug|x64.Build.0 = Debug|x64
		{C1DF36C2-A2E2-41C7-BDCB-F3A686146EE5}.Debug|x64.Deploy.0 = Debug|x64
		{C1DF36C2-A2E2-41C7-BDCB-F3A686146EE5}.Debug|x86.ActiveCfg = Debug|x86
		{C1DF36C2-A2E2-41C7-BDCB-F3A686146EE5}.Debug|x86.Build.0 = Debug|x86
		{C1DF36C2-A2E2-41C7-BDCB-F3A686146EE5}.Debug|x86.Deploy.0 = Debug|x86
		{C1DF36C2-A2E2-41C7-BDCB-F3A686146EE5}.Release|Any CPU.ActiveCfg = Release|x86
		{C1DF36C2-A2E2-41C7-BDCB-F3A686146EE5}.Release|Any CPU.Build.0 = Release|x86
		{C1DF36C2-A2E2-41C7-BDCB-F3A686146EE5}.Release|Any CPU.Deploy.0 = Release|x86
		{C1DF36C2-A2E2-41C7-BDCB-F3A686146EE5}.Release|ARM.ActiveCfg = Release|ARM
		{C1DF36C2-A2E2-41C7-BDCB-F3A686146EE5}.Release|ARM.Build.0 = Release|ARM
		{C1DF36C2-A2E2-41C7-BDCB-F3A686146EE5}.Release|ARM.Deploy.0 = Release|ARM
		{C1DF36C2-A2E2-41C7-BDCB-F3A686146EE5}.Release|iPhone.ActiveCfg = Release|x86
		{C1DF36C2-A2E2-41C7-BDCB-F3A686146EE5}.Release|iPhone.Build.0 = Release|x86
		{C1DF36C2-A2E2-41C7-BDCB-F3A686146EE5}.Release|iPhone.Deploy.0 = Release|x86
		{C1DF36C2-A2E2-41C7-BDCB-F3A686146EE5}.Release|iPhoneSimulator.ActiveCfg = Release|x86
		{C1DF36C2-A2E2-41C7-BDCB-F3A686146EE5}.Release|iPhoneSimulator.Build.0 = Release|x86
		{C1DF36C2-A2E2-41C7-BDCB-F3A686146EE5}.Release|iPhoneSimulator.Deploy.0 = Release|x86
		{C1DF36C2-A2E2-41C7-BDCB-F3A686146EE5}.Release|x64.ActiveCfg = Release|x64
		{C1DF36C2-A2E2-41C7-BDCB-F3A686146EE5}.Release|x64.Build.0 = Release|x64
		{C1DF36C2-A2E2-41C7-BDCB-F3A686146EE5}.Release|x64.Deploy.0 = Release|x64
		{C1DF36C2-A2E2-41C7-BDCB-F3A686146EE5}.Release|x86.ActiveCfg = Release|x86
		{C1DF36C2-A2E2-41C7-BDCB-F3A686146EE5}.Release|x86.Build.0 = Release|x86
		{C1DF36C2-A2E2-41C7-BDCB-F3A686146EE5}.Release|x86.Deploy.0 = Release|x86
		{F061BD0B-A1BD-4DE8-AD1E-2EC0ED8BC150}.Debug|Any CPU.ActiveCfg = Debug|Any CPU
		{F061BD0B-A1BD-4DE8-AD1E-2EC0ED8BC150}.Debug|Any CPU.Build.0 = Debug|Any CPU
		{F061BD0B-A1BD-4DE8-AD1E-2EC0ED8BC150}.Debug|Any CPU.Deploy.0 = Debug|Any CPU
		{F061BD0B-A1BD-4DE8-AD1E-2EC0ED8BC150}.Debug|ARM.ActiveCfg = Debug|Any CPU
		{F061BD0B-A1BD-4DE8-AD1E-2EC0ED8BC150}.Debug|ARM.Build.0 = Debug|Any CPU
		{F061BD0B-A1BD-4DE8-AD1E-2EC0ED8BC150}.Debug|ARM.Deploy.0 = Debug|Any CPU
		{F061BD0B-A1BD-4DE8-AD1E-2EC0ED8BC150}.Debug|iPhone.ActiveCfg = Debug|Any CPU
		{F061BD0B-A1BD-4DE8-AD1E-2EC0ED8BC150}.Debug|iPhone.Build.0 = Debug|Any CPU
		{F061BD0B-A1BD-4DE8-AD1E-2EC0ED8BC150}.Debug|iPhone.Deploy.0 = Debug|Any CPU
		{F061BD0B-A1BD-4DE8-AD1E-2EC0ED8BC150}.Debug|iPhoneSimulator.ActiveCfg = Debug|Any CPU
		{F061BD0B-A1BD-4DE8-AD1E-2EC0ED8BC150}.Debug|iPhoneSimulator.Build.0 = Debug|Any CPU
		{F061BD0B-A1BD-4DE8-AD1E-2EC0ED8BC150}.Debug|iPhoneSimulator.Deploy.0 = Debug|Any CPU
		{F061BD0B-A1BD-4DE8-AD1E-2EC0ED8BC150}.Debug|x64.ActiveCfg = Debug|Any CPU
		{F061BD0B-A1BD-4DE8-AD1E-2EC0ED8BC150}.Debug|x64.Build.0 = Debug|Any CPU
		{F061BD0B-A1BD-4DE8-AD1E-2EC0ED8BC150}.Debug|x64.Deploy.0 = Debug|Any CPU
		{F061BD0B-A1BD-4DE8-AD1E-2EC0ED8BC150}.Debug|x86.ActiveCfg = Debug|Any CPU
		{F061BD0B-A1BD-4DE8-AD1E-2EC0ED8BC150}.Debug|x86.Build.0 = Debug|Any CPU
		{F061BD0B-A1BD-4DE8-AD1E-2EC0ED8BC150}.Debug|x86.Deploy.0 = Debug|Any CPU
		{F061BD0B-A1BD-4DE8-AD1E-2EC0ED8BC150}.Release|Any CPU.ActiveCfg = Release|Any CPU
		{F061BD0B-A1BD-4DE8-AD1E-2EC0ED8BC150}.Release|Any CPU.Build.0 = Release|Any CPU
		{F061BD0B-A1BD-4DE8-AD1E-2EC0ED8BC150}.Release|Any CPU.Deploy.0 = Release|Any CPU
		{F061BD0B-A1BD-4DE8-AD1E-2EC0ED8BC150}.Release|ARM.ActiveCfg = Release|Any CPU
		{F061BD0B-A1BD-4DE8-AD1E-2EC0ED8BC150}.Release|ARM.Build.0 = Release|Any CPU
		{F061BD0B-A1BD-4DE8-AD1E-2EC0ED8BC150}.Release|ARM.Deploy.0 = Release|Any CPU
		{F061BD0B-A1BD-4DE8-AD1E-2EC0ED8BC150}.Release|iPhone.ActiveCfg = Release|Any CPU
		{F061BD0B-A1BD-4DE8-AD1E-2EC0ED8BC150}.Release|iPhone.Build.0 = Release|Any CPU
		{F061BD0B-A1BD-4DE8-AD1E-2EC0ED8BC150}.Release|iPhone.Deploy.0 = Release|Any CPU
		{F061BD0B-A1BD-4DE8-AD1E-2EC0ED8BC150}.Release|iPhoneSimulator.ActiveCfg = Release|Any CPU
		{F061BD0B-A1BD-4DE8-AD1E-2EC0ED8BC150}.Release|iPhoneSimulator.Build.0 = Release|Any CPU
		{F061BD0B-A1BD-4DE8-AD1E-2EC0ED8BC150}.Release|iPhoneSimulator.Deploy.0 = Release|Any CPU
		{F061BD0B-A1BD-4DE8-AD1E-2EC0ED8BC150}.Release|x64.ActiveCfg = Release|Any CPU
		{F061BD0B-A1BD-4DE8-AD1E-2EC0ED8BC150}.Release|x64.Build.0 = Release|Any CPU
		{F061BD0B-A1BD-4DE8-AD1E-2EC0ED8BC150}.Release|x64.Deploy.0 = Release|Any CPU
		{F061BD0B-A1BD-4DE8-AD1E-2EC0ED8BC150}.Release|x86.ActiveCfg = Release|Any CPU
		{F061BD0B-A1BD-4DE8-AD1E-2EC0ED8BC150}.Release|x86.Build.0 = Release|Any CPU
		{F061BD0B-A1BD-4DE8-AD1E-2EC0ED8BC150}.Release|x86.Deploy.0 = Release|Any CPU
		{C9EEC7B3-E267-4CF5-BBA9-9AB00F9C43D5}.Debug|Any CPU.ActiveCfg = Debug|iPhoneSimulator
		{C9EEC7B3-E267-4CF5-BBA9-9AB00F9C43D5}.Debug|Any CPU.Build.0 = Debug|iPhoneSimulator
		{C9EEC7B3-E267-4CF5-BBA9-9AB00F9C43D5}.Debug|Any CPU.Deploy.0 = Debug|iPhoneSimulator
		{C9EEC7B3-E267-4CF5-BBA9-9AB00F9C43D5}.Debug|ARM.ActiveCfg = Debug|iPhone
		{C9EEC7B3-E267-4CF5-BBA9-9AB00F9C43D5}.Debug|ARM.Build.0 = Debug|iPhone
		{C9EEC7B3-E267-4CF5-BBA9-9AB00F9C43D5}.Debug|ARM.Deploy.0 = Debug|iPhone
		{C9EEC7B3-E267-4CF5-BBA9-9AB00F9C43D5}.Debug|iPhone.ActiveCfg = Debug|iPhone
		{C9EEC7B3-E267-4CF5-BBA9-9AB00F9C43D5}.Debug|iPhone.Build.0 = Debug|iPhone
		{C9EEC7B3-E267-4CF5-BBA9-9AB00F9C43D5}.Debug|iPhone.Deploy.0 = Debug|iPhone
		{C9EEC7B3-E267-4CF5-BBA9-9AB00F9C43D5}.Debug|iPhoneSimulator.ActiveCfg = Debug|iPhoneSimulator
		{C9EEC7B3-E267-4CF5-BBA9-9AB00F9C43D5}.Debug|iPhoneSimulator.Build.0 = Debug|iPhoneSimulator
		{C9EEC7B3-E267-4CF5-BBA9-9AB00F9C43D5}.Debug|iPhoneSimulator.Deploy.0 = Debug|iPhoneSimulator
		{C9EEC7B3-E267-4CF5-BBA9-9AB00F9C43D5}.Debug|x64.ActiveCfg = Debug|iPhoneSimulator
		{C9EEC7B3-E267-4CF5-BBA9-9AB00F9C43D5}.Debug|x64.Build.0 = Debug|iPhoneSimulator
		{C9EEC7B3-E267-4CF5-BBA9-9AB00F9C43D5}.Debug|x64.Deploy.0 = Debug|iPhoneSimulator
		{C9EEC7B3-E267-4CF5-BBA9-9AB00F9C43D5}.Debug|x86.ActiveCfg = Debug|iPhoneSimulator
		{C9EEC7B3-E267-4CF5-BBA9-9AB00F9C43D5}.Debug|x86.Build.0 = Debug|iPhoneSimulator
		{C9EEC7B3-E267-4CF5-BBA9-9AB00F9C43D5}.Debug|x86.Deploy.0 = Debug|iPhoneSimulator
		{C9EEC7B3-E267-4CF5-BBA9-9AB00F9C43D5}.Release|Any CPU.ActiveCfg = Release|iPhoneSimulator
		{C9EEC7B3-E267-4CF5-BBA9-9AB00F9C43D5}.Release|Any CPU.Build.0 = Release|iPhoneSimulator
		{C9EEC7B3-E267-4CF5-BBA9-9AB00F9C43D5}.Release|Any CPU.Deploy.0 = Release|iPhoneSimulator
		{C9EEC7B3-E267-4CF5-BBA9-9AB00F9C43D5}.Release|ARM.ActiveCfg = Release|iPhoneSimulator
		{C9EEC7B3-E267-4CF5-BBA9-9AB00F9C43D5}.Release|ARM.Build.0 = Release|iPhoneSimulator
		{C9EEC7B3-E267-4CF5-BBA9-9AB00F9C43D5}.Release|ARM.Deploy.0 = Release|iPhoneSimulator
		{C9EEC7B3-E267-4CF5-BBA9-9AB00F9C43D5}.Release|iPhone.ActiveCfg = Release|iPhone
		{C9EEC7B3-E267-4CF5-BBA9-9AB00F9C43D5}.Release|iPhone.Build.0 = Release|iPhone
		{C9EEC7B3-E267-4CF5-BBA9-9AB00F9C43D5}.Release|iPhone.Deploy.0 = Release|iPhone
		{C9EEC7B3-E267-4CF5-BBA9-9AB00F9C43D5}.Release|iPhoneSimulator.ActiveCfg = Release|iPhoneSimulator
		{C9EEC7B3-E267-4CF5-BBA9-9AB00F9C43D5}.Release|iPhoneSimulator.Build.0 = Release|iPhoneSimulator
		{C9EEC7B3-E267-4CF5-BBA9-9AB00F9C43D5}.Release|iPhoneSimulator.Deploy.0 = Release|iPhoneSimulator
		{C9EEC7B3-E267-4CF5-BBA9-9AB00F9C43D5}.Release|x64.ActiveCfg = Release|iPhoneSimulator
		{C9EEC7B3-E267-4CF5-BBA9-9AB00F9C43D5}.Release|x64.Build.0 = Release|iPhoneSimulator
		{C9EEC7B3-E267-4CF5-BBA9-9AB00F9C43D5}.Release|x64.Deploy.0 = Release|iPhoneSimulator
		{C9EEC7B3-E267-4CF5-BBA9-9AB00F9C43D5}.Release|x86.ActiveCfg = Release|iPhoneSimulator
		{C9EEC7B3-E267-4CF5-BBA9-9AB00F9C43D5}.Release|x86.Build.0 = Release|iPhoneSimulator
		{C9EEC7B3-E267-4CF5-BBA9-9AB00F9C43D5}.Release|x86.Deploy.0 = Release|iPhoneSimulator
		{0F0BE759-B342-4DDE-965C-B763A126C20E}.Debug|Any CPU.ActiveCfg = Debug|Any CPU
		{0F0BE759-B342-4DDE-965C-B763A126C20E}.Debug|Any CPU.Build.0 = Debug|Any CPU
		{0F0BE759-B342-4DDE-965C-B763A126C20E}.Debug|Any CPU.Deploy.0 = Debug|Any CPU
		{0F0BE759-B342-4DDE-965C-B763A126C20E}.Debug|ARM.ActiveCfg = Debug|Any CPU
		{0F0BE759-B342-4DDE-965C-B763A126C20E}.Debug|ARM.Build.0 = Debug|Any CPU
		{0F0BE759-B342-4DDE-965C-B763A126C20E}.Debug|ARM.Deploy.0 = Debug|Any CPU
		{0F0BE759-B342-4DDE-965C-B763A126C20E}.Debug|iPhone.ActiveCfg = Debug|Any CPU
		{0F0BE759-B342-4DDE-965C-B763A126C20E}.Debug|iPhone.Build.0 = Debug|Any CPU
		{0F0BE759-B342-4DDE-965C-B763A126C20E}.Debug|iPhone.Deploy.0 = Debug|Any CPU
		{0F0BE759-B342-4DDE-965C-B763A126C20E}.Debug|iPhoneSimulator.ActiveCfg = Debug|Any CPU
		{0F0BE759-B342-4DDE-965C-B763A126C20E}.Debug|iPhoneSimulator.Build.0 = Debug|Any CPU
		{0F0BE759-B342-4DDE-965C-B763A126C20E}.Debug|iPhoneSimulator.Deploy.0 = Debug|Any CPU
		{0F0BE759-B342-4DDE-965C-B763A126C20E}.Debug|x64.ActiveCfg = Debug|Any CPU
		{0F0BE759-B342-4DDE-965C-B763A126C20E}.Debug|x64.Build.0 = Debug|Any CPU
		{0F0BE759-B342-4DDE-965C-B763A126C20E}.Debug|x64.Deploy.0 = Debug|Any CPU
		{0F0BE759-B342-4DDE-965C-B763A126C20E}.Debug|x86.ActiveCfg = Debug|Any CPU
		{0F0BE759-B342-4DDE-965C-B763A126C20E}.Debug|x86.Build.0 = Debug|Any CPU
		{0F0BE759-B342-4DDE-965C-B763A126C20E}.Debug|x86.Deploy.0 = Debug|Any CPU
		{0F0BE759-B342-4DDE-965C-B763A126C20E}.Release|Any CPU.ActiveCfg = Release|Any CPU
		{0F0BE759-B342-4DDE-965C-B763A126C20E}.Release|Any CPU.Build.0 = Release|Any CPU
		{0F0BE759-B342-4DDE-965C-B763A126C20E}.Release|Any CPU.Deploy.0 = Release|Any CPU
		{0F0BE759-B342-4DDE-965C-B763A126C20E}.Release|ARM.ActiveCfg = Release|Any CPU
		{0F0BE759-B342-4DDE-965C-B763A126C20E}.Release|ARM.Build.0 = Release|Any CPU
		{0F0BE759-B342-4DDE-965C-B763A126C20E}.Release|ARM.Deploy.0 = Release|Any CPU
		{0F0BE759-B342-4DDE-965C-B763A126C20E}.Release|iPhone.ActiveCfg = Release|Any CPU
		{0F0BE759-B342-4DDE-965C-B763A126C20E}.Release|iPhone.Build.0 = Release|Any CPU
		{0F0BE759-B342-4DDE-965C-B763A126C20E}.Release|iPhone.Deploy.0 = Release|Any CPU
		{0F0BE759-B342-4DDE-965C-B763A126C20E}.Release|iPhoneSimulator.ActiveCfg = Release|Any CPU
		{0F0BE759-B342-4DDE-965C-B763A126C20E}.Release|iPhoneSimulator.Build.0 = Release|Any CPU
		{0F0BE759-B342-4DDE-965C-B763A126C20E}.Release|iPhoneSimulator.Deploy.0 = Release|Any CPU
		{0F0BE759-B342-4DDE-965C-B763A126C20E}.Release|x64.ActiveCfg = Release|Any CPU
		{0F0BE759-B342-4DDE-965C-B763A126C20E}.Release|x64.Build.0 = Release|Any CPU
		{0F0BE759-B342-4DDE-965C-B763A126C20E}.Release|x64.Deploy.0 = Release|Any CPU
		{0F0BE759-B342-4DDE-965C-B763A126C20E}.Release|x86.ActiveCfg = Release|Any CPU
		{0F0BE759-B342-4DDE-965C-B763A126C20E}.Release|x86.Build.0 = Release|Any CPU
		{0F0BE759-B342-4DDE-965C-B763A126C20E}.Release|x86.Deploy.0 = Release|Any CPU
	EndGlobalSection
	GlobalSection(SolutionProperties) = preSolution
		HideSolutionNode = FALSE
	EndGlobalSection
	GlobalSection(ExtensibilityGlobals) = postSolution
		SolutionGuid = {3BBEB24D-268A-4B89-88F7-C58C328EA582}
	EndGlobalSection
EndGlobal
